
Microsoft Visual Studio Solution File, Format Version 12.00
# Visual Studio Version 16
VisualStudioVersion = 16.0.30907.101
MinimumVisualStudioVersion = 10.0.40219.1
Project("{9A19103F-16F7-4668-BE54-9A1E7A4F7556}") = "dali", "dali\dali.csproj", "{94F2E3A2-29BA-4A3C-A1BC-5691E9D1A5CF}"
EndProject
Global
	GlobalSection(SolutionConfigurationPlatforms) = preSolution
		Debug|Any CPU = Debug|Any CPU
		Release|Any CPU = Release|Any CPU
	EndGlobalSection
	GlobalSection(ProjectConfigurationPlatforms) = postSolution
		{94F2E3A2-29BA-4A3C-A1BC-5691E9D1A5CF}.Debug|Any CPU.ActiveCfg = Debug|Any CPU
		{94F2E3A2-29BA-4A3C-A1BC-5691E9D1A5CF}.Debug|Any CPU.Build.0 = Debug|Any CPU
		{94F2E3A2-29BA-4A3C-A1BC-5691E9D1A5CF}.Release|Any CPU.ActiveCfg = Release|Any CPU
		{94F2E3A2-29BA-4A3C-A1BC-5691E9D1A5CF}.Release|Any CPU.Build.0 = Release|Any CPU
	EndGlobalSection
	GlobalSection(SolutionProperties) = preSolution
		HideSolutionNode = FALSE
	EndGlobalSection
	GlobalSection(ExtensibilityGlobals) = postSolution
		SolutionGuid = {B6F33D38-61D8-4E76-993A-AF46FE95EC72}
	EndGlobalSection
EndGlobal
